
Microsoft Visual Studio Solution File, Format Version 12.00
# Visual Studio Version 16
VisualStudioVersion = 16.0.30406.217
MinimumVisualStudioVersion = 10.0.40219.1
Project("{9A19103F-16F7-4668-BE54-9A1E7A4F7556}") = "AllChemist", "AllChemist\AllChemist.csproj", "{D0DD2616-934C-4067-9FBF-66438B0F853E}"
EndProject
Project("{FAE04EC0-301F-11D3-BF4B-00C04F79EFBC}") = "AllChemistUnitTests", "AllChemistUnitTests\AllChemistUnitTests.csproj", "{8FEBBABB-7371-4B5A-938E-36FA0FBFFB2D}"
EndProject
Global
	GlobalSection(SolutionConfigurationPlatforms) = preSolution
		Debug|Any CPU = Debug|Any CPU
		Release|Any CPU = Release|Any CPU
	EndGlobalSection
	GlobalSection(ProjectConfigurationPlatforms) = postSolution
		{D0DD2616-934C-4067-9FBF-66438B0F853E}.Debug|Any CPU.ActiveCfg = Debug|Any CPU
		{D0DD2616-934C-4067-9FBF-66438B0F853E}.Debug|Any CPU.Build.0 = Debug|Any CPU
		{D0DD2616-934C-4067-9FBF-66438B0F853E}.Release|Any CPU.ActiveCfg = Release|Any CPU
		{D0DD2616-934C-4067-9FBF-66438B0F853E}.Release|Any CPU.Build.0 = Release|Any CPU
		{8FEBBABB-7371-4B5A-938E-36FA0FBFFB2D}.Debug|Any CPU.ActiveCfg = Debug|Any CPU
		{8FEBBABB-7371-4B5A-938E-36FA0FBFFB2D}.Debug|Any CPU.Build.0 = Debug|Any CPU
		{8FEBBABB-7371-4B5A-938E-36FA0FBFFB2D}.Release|Any CPU.ActiveCfg = Release|Any CPU
		{8FEBBABB-7371-4B5A-938E-36FA0FBFFB2D}.Release|Any CPU.Build.0 = Release|Any CPU
	EndGlobalSection
	GlobalSection(SolutionProperties) = preSolution
		HideSolutionNode = FALSE
	EndGlobalSection
	GlobalSection(ExtensibilityGlobals) = postSolution
		SolutionGuid = {8060299E-F9BF-42BC-8336-45D7F79C6D36}
	EndGlobalSection
EndGlobal
